
Microsoft Visual Studio Solution File, Format Version 12.00
# Visual Studio Version 17
VisualStudioVersion = 17.0.32112.339
MinimumVisualStudioVersion = 10.0.40219.1
Project("{FAE04EC0-301F-11D3-BF4B-00C04F79EFBC}") = "prjWeb", "prjWeb\prjWeb.csproj", "{4942EE3E-7F58-4F3F-BA06-8A9C05E6082F}"
EndProject
Global
	GlobalSection(SolutionConfigurationPlatforms) = preSolution
		Debug|Any CPU = Debug|Any CPU
		Release|Any CPU = Release|Any CPU
	EndGlobalSection
	GlobalSection(ProjectConfigurationPlatforms) = postSolution
		{4942EE3E-7F58-4F3F-BA06-8A9C05E6082F}.Debug|Any CPU.ActiveCfg = Debug|Any CPU
		{4942EE3E-7F58-4F3F-BA06-8A9C05E6082F}.Debug|Any CPU.Build.0 = Debug|Any CPU
		{4942EE3E-7F58-4F3F-BA06-8A9C05E6082F}.Release|Any CPU.ActiveCfg = Release|Any CPU
		{4942EE3E-7F58-4F3F-BA06-8A9C05E6082F}.Release|Any CPU.Build.0 = Release|Any CPU
	EndGlobalSection
	GlobalSection(SolutionProperties) = preSolution
		HideSolutionNode = FALSE
	EndGlobalSection
	GlobalSection(ExtensibilityGlobals) = postSolution
		SolutionGuid = {CB690A42-0498-4C81-BD58-3C4F6E81D0E6}
	EndGlobalSection
EndGlobal
